// !$*UTF8*$!
{
	archiveVersion = 1;
	classes = {
	};
	objectVersion = 48;
	objects = {

/* Begin PBXBuildFile section */
		721C6A22206075E000C57C06 /* SecondViewController.swift in Sources */ = {isa = PBXBuildFile; fileRef = 721C6A21206075E000C57C06 /* SecondViewController.swift */; };
		721C6A2420618A4900C57C06 /* ThirdViewController.swift in Sources */ = {isa = PBXBuildFile; fileRef = 721C6A2320618A4900C57C06 /* ThirdViewController.swift */; };
		721C6A2620618AA300C57C06 /* FourthViewController.swift in Sources */ = {isa = PBXBuildFile; fileRef = 721C6A2520618AA300C57C06 /* FourthViewController.swift */; };
		721C6A2820618AE700C57C06 /* FifthViewController.swift in Sources */ = {isa = PBXBuildFile; fileRef = 721C6A2720618AE700C57C06 /* FifthViewController.swift */; };
		72259F09206C323800A051DE /* awsconfiguration.json in Resources */ = {isa = PBXBuildFile; fileRef = 72259F08206C323800A051DE /* awsconfiguration.json */; };
		72259F0B206C327A00A051DE /* Articles.swift in Sources */ = {isa = PBXBuildFile; fileRef = 72259F0A206C327A00A051DE /* Articles.swift */; };
		7274EFBB203E0F5B0012F276 /* Media.xcassets in Resources */ = {isa = PBXBuildFile; fileRef = 7274EFBA203E0F5B0012F276 /* Media.xcassets */; };
		72C538E120217BF90045C8FF /* AppDelegate.swift in Sources */ = {isa = PBXBuildFile; fileRef = 72C538E020217BF90045C8FF /* AppDelegate.swift */; };
		72C538E320217BF90045C8FF /* ViewController.swift in Sources */ = {isa = PBXBuildFile; fileRef = 72C538E220217BF90045C8FF /* ViewController.swift */; };
		72C538E620217BF90045C8FF /* Main.storyboard in Resources */ = {isa = PBXBuildFile; fileRef = 72C538E420217BF90045C8FF /* Main.storyboard */; };
		72C538EB20217BF90045C8FF /* LaunchScreen.storyboard in Resources */ = {isa = PBXBuildFile; fileRef = 72C538E920217BF90045C8FF /* LaunchScreen.storyboard */; };
		72C538F620217BF90045C8FF /* WaterboyTests.swift in Sources */ = {isa = PBXBuildFile; fileRef = 72C538F520217BF90045C8FF /* WaterboyTests.swift */; };
		A57D23DB7B47B763AC5FFF03 /* Pods_Waterboy.framework in Frameworks */ = {isa = PBXBuildFile; fileRef = D9F908F023A6F6CE82A8CD40 /* Pods_Waterboy.framework */; };
/* End PBXBuildFile section */

/* Begin PBXContainerItemProxy section */
		72C538F220217BF90045C8FF /* PBXContainerItemProxy */ = {
			isa = PBXContainerItemProxy;
			containerPortal = 72C538D520217BF80045C8FF /* Project object */;
			proxyType = 1;
			remoteGlobalIDString = 72C538DC20217BF80045C8FF;
			remoteInfo = Waterboy;
		};
/* End PBXContainerItemProxy section */

/* Begin PBXCopyFilesBuildPhase section */
		342F4D85205F76FE008F0697 /* Embed Frameworks */ = {
			isa = PBXCopyFilesBuildPhase;
			buildActionMask = 2147483647;
			dstPath = "";
			dstSubfolderSpec = 10;
			files = (
			);
			name = "Embed Frameworks";
			runOnlyForDeploymentPostprocessing = 0;
		};
/* End PBXCopyFilesBuildPhase section */

/* Begin PBXFileReference section */
		3B7299D95D864FCF4B508380 /* Pods-Waterboy.release.xcconfig */ = {isa = PBXFileReference; includeInIndex = 1; lastKnownFileType = text.xcconfig; name = "Pods-Waterboy.release.xcconfig"; path = "Pods/Target Support Files/Pods-Waterboy/Pods-Waterboy.release.xcconfig"; sourceTree = "<group>"; };
		4F40D6579212B313807A1E31 /* Pods-Waterboy.debug.xcconfig */ = {isa = PBXFileReference; includeInIndex = 1; lastKnownFileType = text.xcconfig; name = "Pods-Waterboy.debug.xcconfig"; path = "Pods/Target Support Files/Pods-Waterboy/Pods-Waterboy.debug.xcconfig"; sourceTree = "<group>"; };
		721C6A21206075E000C57C06 /* SecondViewController.swift */ = {isa = PBXFileReference; lastKnownFileType = sourcecode.swift; path = SecondViewController.swift; sourceTree = "<group>"; };
		721C6A2320618A4900C57C06 /* ThirdViewController.swift */ = {isa = PBXFileReference; lastKnownFileType = sourcecode.swift; path = ThirdViewController.swift; sourceTree = "<group>"; };
		721C6A2520618AA300C57C06 /* FourthViewController.swift */ = {isa = PBXFileReference; lastKnownFileType = sourcecode.swift; path = FourthViewController.swift; sourceTree = "<group>"; };
		721C6A2720618AE700C57C06 /* FifthViewController.swift */ = {isa = PBXFileReference; lastKnownFileType = sourcecode.swift; path = FifthViewController.swift; sourceTree = "<group>"; };
		72259F08206C323800A051DE /* awsconfiguration.json */ = {isa = PBXFileReference; fileEncoding = 4; lastKnownFileType = text.json; path = awsconfiguration.json; sourceTree = "<group>"; };
		72259F0A206C327A00A051DE /* Articles.swift */ = {isa = PBXFileReference; fileEncoding = 4; lastKnownFileType = sourcecode.swift; path = Articles.swift; sourceTree = "<group>"; };
		7274EFBA203E0F5B0012F276 /* Media.xcassets */ = {isa = PBXFileReference; lastKnownFileType = folder.assetcatalog; path = Media.xcassets; sourceTree = "<group>"; };
		72C538DD20217BF90045C8FF /* Waterboy.app */ = {isa = PBXFileReference; explicitFileType = wrapper.application; includeInIndex = 0; path = Waterboy.app; sourceTree = BUILT_PRODUCTS_DIR; };
		72C538E020217BF90045C8FF /* AppDelegate.swift */ = {isa = PBXFileReference; lastKnownFileType = sourcecode.swift; path = AppDelegate.swift; sourceTree = "<group>"; };
		72C538E220217BF90045C8FF /* ViewController.swift */ = {isa = PBXFileReference; lastKnownFileType = sourcecode.swift; path = ViewController.swift; sourceTree = "<group>"; };
		72C538E520217BF90045C8FF /* Base */ = {isa = PBXFileReference; lastKnownFileType = file.storyboard; name = Base; path = Base.lproj/Main.storyboard; sourceTree = "<group>"; };
		72C538EA20217BF90045C8FF /* Base */ = {isa = PBXFileReference; lastKnownFileType = file.storyboard; name = Base; path = Base.lproj/LaunchScreen.storyboard; sourceTree = "<group>"; };
		72C538EC20217BF90045C8FF /* Info.plist */ = {isa = PBXFileReference; lastKnownFileType = text.plist.xml; path = Info.plist; sourceTree = "<group>"; };
		72C538F120217BF90045C8FF /* WaterboyTests.xctest */ = {isa = PBXFileReference; explicitFileType = wrapper.cfbundle; includeInIndex = 0; path = WaterboyTests.xctest; sourceTree = BUILT_PRODUCTS_DIR; };
		72C538F520217BF90045C8FF /* WaterboyTests.swift */ = {isa = PBXFileReference; lastKnownFileType = sourcecode.swift; path = WaterboyTests.swift; sourceTree = "<group>"; };
		72C538F720217BF90045C8FF /* Info.plist */ = {isa = PBXFileReference; lastKnownFileType = text.plist.xml; path = Info.plist; sourceTree = "<group>"; };
		D9F908F023A6F6CE82A8CD40 /* Pods_Waterboy.framework */ = {isa = PBXFileReference; explicitFileType = wrapper.framework; includeInIndex = 0; path = Pods_Waterboy.framework; sourceTree = BUILT_PRODUCTS_DIR; };
/* End PBXFileReference section */

/* Begin PBXFrameworksBuildPhase section */
		72C538DA20217BF80045C8FF /* Frameworks */ = {
			isa = PBXFrameworksBuildPhase;
			buildActionMask = 2147483647;
			files = (
				A57D23DB7B47B763AC5FFF03 /* Pods_Waterboy.framework in Frameworks */,
			);
			runOnlyForDeploymentPostprocessing = 0;
		};
		72C538EE20217BF90045C8FF /* Frameworks */ = {
			isa = PBXFrameworksBuildPhase;
			buildActionMask = 2147483647;
			files = (
			);
			runOnlyForDeploymentPostprocessing = 0;
		};
/* End PBXFrameworksBuildPhase section */

/* Begin PBXGroup section */
		72C538D420217BF80045C8FF = {
			isa = PBXGroup;
			children = (
				72C538DF20217BF90045C8FF /* Waterboy */,
				72C538F420217BF90045C8FF /* WaterboyTests */,
				72C538DE20217BF90045C8FF /* Products */,
				D205B3FBD2C483CD7EC2998E /* Pods */,
				7973FE90FFBE73596721E183 /* Frameworks */,
			);
			sourceTree = "<group>";
		};
		72C538DE20217BF90045C8FF /* Products */ = {
			isa = PBXGroup;
			children = (
				72C538DD20217BF90045C8FF /* Waterboy.app */,
				72C538F120217BF90045C8FF /* WaterboyTests.xctest */,
			);
			name = Products;
			sourceTree = "<group>";
		};
		72C538DF20217BF90045C8FF /* Waterboy */ = {
			isa = PBXGroup;
			children = (
				72259F0A206C327A00A051DE /* Articles.swift */,
				72259F08206C323800A051DE /* awsconfiguration.json */,
				72C538E020217BF90045C8FF /* AppDelegate.swift */,
				72C538E220217BF90045C8FF /* ViewController.swift */,
				721C6A21206075E000C57C06 /* SecondViewController.swift */,
				721C6A2320618A4900C57C06 /* ThirdViewController.swift */,
				721C6A2520618AA300C57C06 /* FourthViewController.swift */,
				721C6A2720618AE700C57C06 /* FifthViewController.swift */,
				72C538E420217BF90045C8FF /* Main.storyboard */,
				72C538E920217BF90045C8FF /* LaunchScreen.storyboard */,
				72C538EC20217BF90045C8FF /* Info.plist */,
				7274EFBA203E0F5B0012F276 /* Media.xcassets */,
			);
			path = Waterboy;
			sourceTree = "<group>";
		};
		72C538F420217BF90045C8FF /* WaterboyTests */ = {
			isa = PBXGroup;
			children = (
				72C538F520217BF90045C8FF /* WaterboyTests.swift */,
				72C538F720217BF90045C8FF /* Info.plist */,
			);
			path = WaterboyTests;
			sourceTree = "<group>";
		};
		7973FE90FFBE73596721E183 /* Frameworks */ = {
			isa = PBXGroup;
			children = (
				D9F908F023A6F6CE82A8CD40 /* Pods_Waterboy.framework */,
			);
			name = Frameworks;
			sourceTree = "<group>";
		};
		D205B3FBD2C483CD7EC2998E /* Pods */ = {
			isa = PBXGroup;
			children = (
				4F40D6579212B313807A1E31 /* Pods-Waterboy.debug.xcconfig */,
				3B7299D95D864FCF4B508380 /* Pods-Waterboy.release.xcconfig */,
			);
			name = Pods;
			sourceTree = "<group>";
		};
/* End PBXGroup section */

/* Begin PBXNativeTarget section */
		72C538DC20217BF80045C8FF /* Waterboy */ = {
			isa = PBXNativeTarget;
			buildConfigurationList = 72C538FA20217BF90045C8FF /* Build configuration list for PBXNativeTarget "Waterboy" */;
			buildPhases = (
				905BB528583B37F9B8AA87B2 /* [CP] Check Pods Manifest.lock */,
				72C538D920217BF80045C8FF /* Sources */,
				72C538DA20217BF80045C8FF /* Frameworks */,
				72C538DB20217BF80045C8FF /* Resources */,
				54A91AAC50B2EF190C3505D6 /* [CP] Embed Pods Frameworks */,
				1981F3B2135E34AC5B84BEA4 /* [CP] Copy Pods Resources */,
				342F4D85205F76FE008F0697 /* Embed Frameworks */,
			);
			buildRules = (
			);
			dependencies = (
			);
			name = Waterboy;
			productName = Waterboy;
			productReference = 72C538DD20217BF90045C8FF /* Waterboy.app */;
			productType = "com.apple.product-type.application";
		};
		72C538F020217BF90045C8FF /* WaterboyTests */ = {
			isa = PBXNativeTarget;
			buildConfigurationList = 72C538FD20217BF90045C8FF /* Build configuration list for PBXNativeTarget "WaterboyTests" */;
			buildPhases = (
				72C538ED20217BF90045C8FF /* Sources */,
				72C538EE20217BF90045C8FF /* Frameworks */,
				72C538EF20217BF90045C8FF /* Resources */,
			);
			buildRules = (
			);
			dependencies = (
				72C538F320217BF90045C8FF /* PBXTargetDependency */,
			);
			name = WaterboyTests;
			productName = WaterboyTests;
			productReference = 72C538F120217BF90045C8FF /* WaterboyTests.xctest */;
			productType = "com.apple.product-type.bundle.unit-test";
		};
/* End PBXNativeTarget section */

/* Begin PBXProject section */
		72C538D520217BF80045C8FF /* Project object */ = {
			isa = PBXProject;
			attributes = {
				LastSwiftUpdateCheck = 0920;
				LastUpgradeCheck = 0920;
				ORGANIZATIONNAME = "Annam Iyer";
				TargetAttributes = {
					72C538DC20217BF80045C8FF = {
						CreatedOnToolsVersion = 9.2;
						ProvisioningStyle = Automatic;
					};
					72C538F020217BF90045C8FF = {
						CreatedOnToolsVersion = 9.2;
						ProvisioningStyle = Automatic;
						TestTargetID = 72C538DC20217BF80045C8FF;
					};
				};
			};
			buildConfigurationList = 72C538D820217BF80045C8FF /* Build configuration list for PBXProject "Waterboy" */;
			compatibilityVersion = "Xcode 8.0";
			developmentRegion = en;
			hasScannedForEncodings = 0;
			knownRegions = (
				en,
				Base,
			);
			mainGroup = 72C538D420217BF80045C8FF;
			productRefGroup = 72C538DE20217BF90045C8FF /* Products */;
			projectDirPath = "";
			projectRoot = "";
			targets = (
				72C538DC20217BF80045C8FF /* Waterboy */,
				72C538F020217BF90045C8FF /* WaterboyTests */,
			);
		};
/* End PBXProject section */

/* Begin PBXResourcesBuildPhase section */
		72C538DB20217BF80045C8FF /* Resources */ = {
			isa = PBXResourcesBuildPhase;
			buildActionMask = 2147483647;
			files = (
				72259F09206C323800A051DE /* awsconfiguration.json in Resources */,
				72C538EB20217BF90045C8FF /* LaunchScreen.storyboard in Resources */,
				7274EFBB203E0F5B0012F276 /* Media.xcassets in Resources */,
				72C538E620217BF90045C8FF /* Main.storyboard in Resources */,
			);
			runOnlyForDeploymentPostprocessing = 0;
		};
		72C538EF20217BF90045C8FF /* Resources */ = {
			isa = PBXResourcesBuildPhase;
			buildActionMask = 2147483647;
			files = (
			);
			runOnlyForDeploymentPostprocessing = 0;
		};
/* End PBXResourcesBuildPhase section */

/* Begin PBXShellScriptBuildPhase section */
		1981F3B2135E34AC5B84BEA4 /* [CP] Copy Pods Resources */ = {
			isa = PBXShellScriptBuildPhase;
			buildActionMask = 2147483647;
			files = (
			);
			inputPaths = (
			);
			name = "[CP] Copy Pods Resources";
			outputPaths = (
			);
			runOnlyForDeploymentPostprocessing = 0;
			shellPath = /bin/sh;
			shellScript = "\"${SRCROOT}/Pods/Target Support Files/Pods-Waterboy/Pods-Waterboy-resources.sh\"\n";
			showEnvVarsInLog = 0;
		};
		54A91AAC50B2EF190C3505D6 /* [CP] Embed Pods Frameworks */ = {
			isa = PBXShellScriptBuildPhase;
			buildActionMask = 2147483647;
			files = (
			);
			inputPaths = (
				"${SRCROOT}/Pods/Target Support Files/Pods-Waterboy/Pods-Waterboy-frameworks.sh",
				"${BUILT_PRODUCTS_DIR}/AWSAuthCore/AWSAuthCore.framework",
				"${BUILT_PRODUCTS_DIR}/AWSCore/AWSCore.framework",
				"${BUILT_PRODUCTS_DIR}/AWSDynamoDB/AWSDynamoDB.framework",
				"${BUILT_PRODUCTS_DIR}/AWSMobileClient/AWSMobileClient.framework",
				"${BUILT_PRODUCTS_DIR}/Alamofire/Alamofire.framework",
				"${BUILT_PRODUCTS_DIR}/Reductio/Reductio.framework",
				"${BUILT_PRODUCTS_DIR}/SwiftLinkPreview/SwiftLinkPreview.framework",
				"${BUILT_PRODUCTS_DIR}/SwiftSoup/SwiftSoup.framework",
				"${BUILT_PRODUCTS_DIR}/Unirest/Unirest.framework",
			);
			name = "[CP] Embed Pods Frameworks";
			outputPaths = (
				"${TARGET_BUILD_DIR}/${FRAMEWORKS_FOLDER_PATH}/AWSAuthCore.framework",
				"${TARGET_BUILD_DIR}/${FRAMEWORKS_FOLDER_PATH}/AWSCore.framework",
				"${TARGET_BUILD_DIR}/${FRAMEWORKS_FOLDER_PATH}/AWSDynamoDB.framework",
				"${TARGET_BUILD_DIR}/${FRAMEWORKS_FOLDER_PATH}/AWSMobileClient.framework",
				"${TARGET_BUILD_DIR}/${FRAMEWORKS_FOLDER_PATH}/Alamofire.framework",
				"${TARGET_BUILD_DIR}/${FRAMEWORKS_FOLDER_PATH}/Reductio.framework",
				"${TARGET_BUILD_DIR}/${FRAMEWORKS_FOLDER_PATH}/SwiftLinkPreview.framework",
				"${TARGET_BUILD_DIR}/${FRAMEWORKS_FOLDER_PATH}/SwiftSoup.framework",
				"${TARGET_BUILD_DIR}/${FRAMEWORKS_FOLDER_PATH}/Unirest.framework",
			);
			runOnlyForDeploymentPostprocessing = 0;
			shellPath = /bin/sh;
			shellScript = "\"${SRCROOT}/Pods/Target Support Files/Pods-Waterboy/Pods-Waterboy-frameworks.sh\"\n";
			showEnvVarsInLog = 0;
		};
		905BB528583B37F9B8AA87B2 /* [CP] Check Pods Manifest.lock */ = {
			isa = PBXShellScriptBuildPhase;
			buildActionMask = 2147483647;
			files = (
			);
			inputPaths = (
				"${PODS_PODFILE_DIR_PATH}/Podfile.lock",
				"${PODS_ROOT}/Manifest.lock",
			);
			name = "[CP] Check Pods Manifest.lock";
			outputPaths = (
				"$(DERIVED_FILE_DIR)/Pods-Waterboy-checkManifestLockResult.txt",
			);
			runOnlyForDeploymentPostprocessing = 0;
			shellPath = /bin/sh;
			shellScript = "diff \"${PODS_PODFILE_DIR_PATH}/Podfile.lock\" \"${PODS_ROOT}/Manifest.lock\" > /dev/null\nif [ $? != 0 ] ; then\n    # print error to STDERR\n    echo \"error: The sandbox is not in sync with the Podfile.lock. Run 'pod install' or update your CocoaPods installation.\" >&2\n    exit 1\nfi\n# This output is used by Xcode 'outputs' to avoid re-running this script phase.\necho \"SUCCESS\" > \"${SCRIPT_OUTPUT_FILE_0}\"\n";
			showEnvVarsInLog = 0;
		};
/* End PBXShellScriptBuildPhase section */

/* Begin PBXSourcesBuildPhase section */
		72C538D920217BF80045C8FF /* Sources */ = {
			isa = PBXSourcesBuildPhase;
			buildActionMask = 2147483647;
			files = (
				72259F0B206C327A00A051DE /* Articles.swift in Sources */,
				721C6A2820618AE700C57C06 /* FifthViewController.swift in Sources */,
				721C6A22206075E000C57C06 /* SecondViewController.swift in Sources */,
				72C538E320217BF90045C8FF /* ViewController.swift in Sources */,
				721C6A2420618A4900C57C06 /* ThirdViewController.swift in Sources */,
				72C538E120217BF90045C8FF /* AppDelegate.swift in Sources */,
				721C6A2620618AA300C57C06 /* FourthViewController.swift in Sources */,
			);
			runOnlyForDeploymentPostprocessing = 0;
		};
		72C538ED20217BF90045C8FF /* Sources */ = {
			isa = PBXSourcesBuildPhase;
			buildActionMask = 2147483647;
			files = (
				72C538F620217BF90045C8FF /* WaterboyTests.swift in Sources */,
			);
			runOnlyForDeploymentPostprocessing = 0;
		};
/* End PBXSourcesBuildPhase section */

/* Begin PBXTargetDependency section */
		72C538F320217BF90045C8FF /* PBXTargetDependency */ = {
			isa = PBXTargetDependency;
			target = 72C538DC20217BF80045C8FF /* Waterboy */;
			targetProxy = 72C538F220217BF90045C8FF /* PBXContainerItemProxy */;
		};
/* End PBXTargetDependency section */

/* Begin PBXVariantGroup section */
		72C538E420217BF90045C8FF /* Main.storyboard */ = {
			isa = PBXVariantGroup;
			children = (
				72C538E520217BF90045C8FF /* Base */,
			);
			name = Main.storyboard;
			sourceTree = "<group>";
		};
		72C538E920217BF90045C8FF /* LaunchScreen.storyboard */ = {
			isa = PBXVariantGroup;
			children = (
				72C538EA20217BF90045C8FF /* Base */,
			);
			name = LaunchScreen.storyboard;
			sourceTree = "<group>";
		};
/* End PBXVariantGroup section */

/* Begin XCBuildConfiguration section */
		72C538F820217BF90045C8FF /* Debug */ = {
			isa = XCBuildConfiguration;
			buildSettings = {
				ALWAYS_SEARCH_USER_PATHS = NO;
				CLANG_ANALYZER_NONNULL = YES;
				CLANG_ANALYZER_NUMBER_OBJECT_CONVERSION = YES_AGGRESSIVE;
				CLANG_CXX_LANGUAGE_STANDARD = "gnu++14";
				CLANG_CXX_LIBRARY = "libc++";
				CLANG_ENABLE_MODULES = YES;
				CLANG_ENABLE_OBJC_ARC = YES;
				CLANG_WARN_BLOCK_CAPTURE_AUTORELEASING = YES;
				CLANG_WARN_BOOL_CONVERSION = YES;
				CLANG_WARN_COMMA = YES;
				CLANG_WARN_CONSTANT_CONVERSION = YES;
				CLANG_WARN_DIRECT_OBJC_ISA_USAGE = YES_ERROR;
				CLANG_WARN_DOCUMENTATION_COMMENTS = YES;
				CLANG_WARN_EMPTY_BODY = YES;
				CLANG_WARN_ENUM_CONVERSION = YES;
				CLANG_WARN_INFINITE_RECURSION = YES;
				CLANG_WARN_INT_CONVERSION = YES;
				CLANG_WARN_NON_LITERAL_NULL_CONVERSION = YES;
				CLANG_WARN_OBJC_LITERAL_CONVERSION = YES;
				CLANG_WARN_OBJC_ROOT_CLASS = YES_ERROR;
				CLANG_WARN_RANGE_LOOP_ANALYSIS = YES;
				CLANG_WARN_STRICT_PROTOTYPES = YES;
				CLANG_WARN_SUSPICIOUS_MOVE = YES;
				CLANG_WARN_UNGUARDED_AVAILABILITY = YES_AGGRESSIVE;
				CLANG_WARN_UNREACHABLE_CODE = YES;
				CLANG_WARN__DUPLICATE_METHOD_MATCH = YES;
				CODE_SIGN_IDENTITY = "iPhone Developer";
				COPY_PHASE_STRIP = NO;
				DEBUG_INFORMATION_FORMAT = dwarf;
				ENABLE_STRICT_OBJC_MSGSEND = YES;
				ENABLE_TESTABILITY = YES;
				GCC_C_LANGUAGE_STANDARD = gnu11;
				GCC_DYNAMIC_NO_PIC = NO;
				GCC_NO_COMMON_BLOCKS = YES;
				GCC_OPTIMIZATION_LEVEL = 0;
				GCC_PREPROCESSOR_DEFINITIONS = (
					"DEBUG=1",
					"$(inherited)",
				);
				GCC_WARN_64_TO_32_BIT_CONVERSION = YES;
				GCC_WARN_ABOUT_RETURN_TYPE = YES_ERROR;
				GCC_WARN_UNDECLARED_SELECTOR = YES;
				GCC_WARN_UNINITIALIZED_AUTOS = YES_AGGRESSIVE;
				GCC_WARN_UNUSED_FUNCTION = YES;
				GCC_WARN_UNUSED_VARIABLE = YES;
				IPHONEOS_DEPLOYMENT_TARGET = 11.2;
				MTL_ENABLE_DEBUG_INFO = YES;
				ONLY_ACTIVE_ARCH = YES;
				SDKROOT = iphoneos;
				SWIFT_ACTIVE_COMPILATION_CONDITIONS = DEBUG;
				SWIFT_OPTIMIZATION_LEVEL = "-Onone";
			};
			name = Debug;
		};
		72C538F920217BF90045C8FF /* Release */ = {
			isa = XCBuildConfiguration;
			buildSettings = {
				ALWAYS_SEARCH_USER_PATHS = NO;
				CLANG_ANALYZER_NONNULL = YES;
				CLANG_ANALYZER_NUMBER_OBJECT_CONVERSION = YES_AGGRESSIVE;
				CLANG_CXX_LANGUAGE_STANDARD = "gnu++14";
				CLANG_CXX_LIBRARY = "libc++";
				CLANG_ENABLE_MODULES = YES;
				CLANG_ENABLE_OBJC_ARC = YES;
				CLANG_WARN_BLOCK_CAPTURE_AUTORELEASING = YES;
				CLANG_WARN_BOOL_CONVERSION = YES;
				CLANG_WARN_COMMA = YES;
				CLANG_WARN_CONSTANT_CONVERSION = YES;
				CLANG_WARN_DIRECT_OBJC_ISA_USAGE = YES_ERROR;
				CLANG_WARN_DOCUMENTATION_COMMENTS = YES;
				CLANG_WARN_EMPTY_BODY = YES;
				CLANG_WARN_ENUM_CONVERSION = YES;
				CLANG_WARN_INFINITE_RECURSION = YES;
				CLANG_WARN_INT_CONVERSION = YES;
				CLANG_WARN_NON_LITERAL_NULL_CONVERSION = YES;
				CLANG_WARN_OBJC_LITERAL_CONVERSION = YES;
				CLANG_WARN_OBJC_ROOT_CLASS = YES_ERROR;
				CLANG_WARN_RANGE_LOOP_ANALYSIS = YES;
				CLANG_WARN_STRICT_PROTOTYPES = YES;
				CLANG_WARN_SUSPICIOUS_MOVE = YES;
				CLANG_WARN_UNGUARDED_AVAILABILITY = YES_AGGRESSIVE;
				CLANG_WARN_UNREACHABLE_CODE = YES;
				CLANG_WARN__DUPLICATE_METHOD_MATCH = YES;
				CODE_SIGN_IDENTITY = "iPhone Developer";
				COPY_PHASE_STRIP = NO;
				DEBUG_INFORMATION_FORMAT = "dwarf-with-dsym";
				ENABLE_NS_ASSERTIONS = NO;
				ENABLE_STRICT_OBJC_MSGSEND = YES;
				GCC_C_LANGUAGE_STANDARD = gnu11;
				GCC_NO_COMMON_BLOCKS = YES;
				GCC_WARN_64_TO_32_BIT_CONVERSION = YES;
				GCC_WARN_ABOUT_RETURN_TYPE = YES_ERROR;
				GCC_WARN_UNDECLARED_SELECTOR = YES;
				GCC_WARN_UNINITIALIZED_AUTOS = YES_AGGRESSIVE;
				GCC_WARN_UNUSED_FUNCTION = YES;
				GCC_WARN_UNUSED_VARIABLE = YES;
				IPHONEOS_DEPLOYMENT_TARGET = 11.2;
				MTL_ENABLE_DEBUG_INFO = NO;
				SDKROOT = iphoneos;
				SWIFT_OPTIMIZATION_LEVEL = "-Owholemodule";
				VALIDATE_PRODUCT = YES;
			};
			name = Release;
		};
		72C538FB20217BF90045C8FF /* Debug */ = {
			isa = XCBuildConfiguration;
			baseConfigurationReference = 4F40D6579212B313807A1E31 /* Pods-Waterboy.debug.xcconfig */;
			buildSettings = {
				ALWAYS_EMBED_SWIFT_STANDARD_LIBRARIES = YES;
				ASSETCATALOG_COMPILER_APPICON_NAME = AppIcon;
				CODE_SIGN_STYLE = Automatic;
				INFOPLIST_FILE = Waterboy/Info.plist;
				LD_RUNPATH_SEARCH_PATHS = "$(inherited) @executable_path/Frameworks";
				PRODUCT_BUNDLE_IDENTIFIER = com.example.Waterboy;
				PRODUCT_NAME = "$(TARGET_NAME)";
				SWIFT_VERSION = 4.0;
				TARGETED_DEVICE_FAMILY = "1,2";
			};
			name = Debug;
		};
		72C538FC20217BF90045C8FF /* Release */ = {
			isa = XCBuildConfiguration;
			baseConfigurationReference = 3B7299D95D864FCF4B508380 /* Pods-Waterboy.release.xcconfig */;
			buildSettings = {
				ALWAYS_EMBED_SWIFT_STANDARD_LIBRARIES = YES;
				ASSETCATALOG_COMPILER_APPICON_NAME = AppIcon;
				CODE_SIGN_STYLE = Automatic;
				INFOPLIST_FILE = Waterboy/Info.plist;
				LD_RUNPATH_SEARCH_PATHS = "$(inherited) @executable_path/Frameworks";
				PRODUCT_BUNDLE_IDENTIFIER = com.example.Waterboy;
				PRODUCT_NAME = "$(TARGET_NAME)";
				SWIFT_VERSION = 4.0;
				TARGETED_DEVICE_FAMILY = "1,2";
			};
			name = Release;
		};
		72C538FE20217BF90045C8FF /* Debug */ = {
			isa = XCBuildConfiguration;
			buildSettings = {
				ALWAYS_EMBED_SWIFT_STANDARD_LIBRARIES = YES;
				BUNDLE_LOADER = "$(TEST_HOST)";
				CODE_SIGN_STYLE = Automatic;
				INFOPLIST_FILE = WaterboyTests/Info.plist;
				LD_RUNPATH_SEARCH_PATHS = "$(inherited) @executable_path/Frameworks @loader_path/Frameworks";
				PRODUCT_BUNDLE_IDENTIFIER = com.example.WaterboyTests;
				PRODUCT_NAME = "$(TARGET_NAME)";
				SWIFT_VERSION = 4.0;
				TARGETED_DEVICE_FAMILY = "1,2";
				TEST_HOST = "$(BUILT_PRODUCTS_DIR)/Waterboy.app/Waterboy";
			};
			name = Debug;
		};
		72C538FF20217BF90045C8FF /* Release */ = {
			isa = XCBuildConfiguration;
			buildSettings = {
				ALWAYS_EMBED_SWIFT_STANDARD_LIBRARIES = YES;
				BUNDLE_LOADER = "$(TEST_HOST)";
				CODE_SIGN_STYLE = Automatic;
				INFOPLIST_FILE = WaterboyTests/Info.plist;
				LD_RUNPATH_SEARCH_PATHS = "$(inherited) @executable_path/Frameworks @loader_path/Frameworks";
				PRODUCT_BUNDLE_IDENTIFIER = com.example.WaterboyTests;
				PRODUCT_NAME = "$(TARGET_NAME)";
				SWIFT_VERSION = 4.0;
				TARGETED_DEVICE_FAMILY = "1,2";
				TEST_HOST = "$(BUILT_PRODUCTS_DIR)/Waterboy.app/Waterboy";
			};
			name = Release;
		};
/* End XCBuildConfiguration section */

/* Begin XCConfigurationList section */
		72C538D820217BF80045C8FF /* Build configuration list for PBXProject "Waterboy" */ = {
			isa = XCConfigurationList;
			buildConfigurations = (
				72C538F820217BF90045C8FF /* Debug */,
				72C538F920217BF90045C8FF /* Release */,
			);
			defaultConfigurationIsVisible = 0;
			defaultConfigurationName = Release;
		};
		72C538FA20217BF90045C8FF /* Build configuration list for PBXNativeTarget "Waterboy" */ = {
			isa = XCConfigurationList;
			buildConfigurations = (
				72C538FB20217BF90045C8FF /* Debug */,
				72C538FC20217BF90045C8FF /* Release */,
			);
			defaultConfigurationIsVisible = 0;
			defaultConfigurationName = Release;
		};
		72C538FD20217BF90045C8FF /* Build configuration list for PBXNativeTarget "WaterboyTests" */ = {
			isa = XCConfigurationList;
			buildConfigurations = (
				72C538FE20217BF90045C8FF /* Debug */,
				72C538FF20217BF90045C8FF /* Release */,
			);
			defaultConfigurationIsVisible = 0;
			defaultConfigurationName = Release;
		};
/* End XCConfigurationList section */
	};
	rootObject = 72C538D520217BF80045C8FF /* Project object */;
}
